
Microsoft Visual Studio Solution File, Format Version 12.00
# Visual Studio Version 17
VisualStudioVersion = 17.3.32922.545
MinimumVisualStudioVersion = 10.0.40219.1
Project("{FAE04EC0-301F-11D3-BF4B-00C04F79EFBC}") = "WebApiProducts", "WebApiProducts\WebApiProducts.csproj", "{C79EFA66-81F1-4135-8DFF-4A7F44C2F18C}"
EndProject
Global
	GlobalSection(SolutionConfigurationPlatforms) = preSolution
		Debug|Any CPU = Debug|Any CPU
		Release|Any CPU = Release|Any CPU
	EndGlobalSection
	GlobalSection(ProjectConfigurationPlatforms) = postSolution
		{C79EFA66-81F1-4135-8DFF-4A7F44C2F18C}.Debug|Any CPU.ActiveCfg = Debug|Any CPU
		{C79EFA66-81F1-4135-8DFF-4A7F44C2F18C}.Debug|Any CPU.Build.0 = Debug|Any CPU
		{C79EFA66-81F1-4135-8DFF-4A7F44C2F18C}.Release|Any CPU.ActiveCfg = Release|Any CPU
		{C79EFA66-81F1-4135-8DFF-4A7F44C2F18C}.Release|Any CPU.Build.0 = Release|Any CPU
	EndGlobalSection
	GlobalSection(SolutionProperties) = preSolution
		HideSolutionNode = FALSE
	EndGlobalSection
	GlobalSection(ExtensibilityGlobals) = postSolution
		SolutionGuid = {BE926015-4640-4283-9B71-05588C9A7908}
	EndGlobalSection
EndGlobal
